
Microsoft Visual Studio Solution File, Format Version 12.00
# Visual Studio Version 17
VisualStudioVersion = 17.7.34018.315
MinimumVisualStudioVersion = 10.0.40219.1
Project("{FAE04EC0-301F-11D3-BF4B-00C04F79EFBC}") = "IsyeriPersonelKayit", "IsyeriPersonelKayit\IsyeriPersonelKayit.csproj", "{9FF84A19-E080-4F24-BE1F-27E065F7D3D6}"
EndProject
Global
	GlobalSection(SolutionConfigurationPlatforms) = preSolution
		Debug|Any CPU = Debug|Any CPU
		Release|Any CPU = Release|Any CPU
	EndGlobalSection
	GlobalSection(ProjectConfigurationPlatforms) = postSolution
		{9FF84A19-E080-4F24-BE1F-27E065F7D3D6}.Debug|Any CPU.ActiveCfg = Debug|Any CPU
		{9FF84A19-E080-4F24-BE1F-27E065F7D3D6}.Debug|Any CPU.Build.0 = Debug|Any CPU
		{9FF84A19-E080-4F24-BE1F-27E065F7D3D6}.Release|Any CPU.ActiveCfg = Release|Any CPU
		{9FF84A19-E080-4F24-BE1F-27E065F7D3D6}.Release|Any CPU.Build.0 = Release|Any CPU
	EndGlobalSection
	GlobalSection(SolutionProperties) = preSolution
		HideSolutionNode = FALSE
	EndGlobalSection
	GlobalSection(ExtensibilityGlobals) = postSolution
		SolutionGuid = {1BC91FF2-EFBC-44D2-9F3C-4274B37B3AFC}
	EndGlobalSection
EndGlobal
